
Microsoft Visual Studio Solution File, Format Version 12.00
# Visual Studio 15
VisualStudioVersion = 15.0.26730.15
MinimumVisualStudioVersion = 10.0.40219.1
Project("{F184B08F-C81C-45F6-A57F-5ABD9991F28F}") = "Space Invaders", "Space Invaders\Space Invaders.vbproj", "{5952EC08-1C89-410D-A35A-90AAA7BEF194}"
EndProject
Global
	GlobalSection(SolutionConfigurationPlatforms) = preSolution
		Debug|ARM = Debug|ARM
		Debug|x64 = Debug|x64
		Debug|x86 = Debug|x86
		Release|ARM = Release|ARM
		Release|x64 = Release|x64
		Release|x86 = Release|x86
	EndGlobalSection
	GlobalSection(ProjectConfigurationPlatforms) = postSolution
		{5952EC08-1C89-410D-A35A-90AAA7BEF194}.Debug|ARM.ActiveCfg = Debug|ARM
		{5952EC08-1C89-410D-A35A-90AAA7BEF194}.Debug|ARM.Build.0 = Debug|ARM
		{5952EC08-1C89-410D-A35A-90AAA7BEF194}.Debug|ARM.Deploy.0 = Debug|ARM
		{5952EC08-1C89-410D-A35A-90AAA7BEF194}.Debug|x64.ActiveCfg = Debug|x64
		{5952EC08-1C89-410D-A35A-90AAA7BEF194}.Debug|x64.Build.0 = Debug|x64
		{5952EC08-1C89-410D-A35A-90AAA7BEF194}.Debug|x64.Deploy.0 = Debug|x64
		{5952EC08-1C89-410D-A35A-90AAA7BEF194}.Debug|x86.ActiveCfg = Debug|x86
		{5952EC08-1C89-410D-A35A-90AAA7BEF194}.Debug|x86.Build.0 = Debug|x86
		{5952EC08-1C89-410D-A35A-90AAA7BEF194}.Debug|x86.Deploy.0 = Debug|x86
		{5952EC08-1C89-410D-A35A-90AAA7BEF194}.Release|ARM.ActiveCfg = Release|ARM
		{5952EC08-1C89-410D-A35A-90AAA7BEF194}.Release|ARM.Build.0 = Release|ARM
		{5952EC08-1C89-410D-A35A-90AAA7BEF194}.Release|ARM.Deploy.0 = Release|ARM
		{5952EC08-1C89-410D-A35A-90AAA7BEF194}.Release|x64.ActiveCfg = Release|x64
		{5952EC08-1C89-410D-A35A-90AAA7BEF194}.Release|x64.Build.0 = Release|x64
		{5952EC08-1C89-410D-A35A-90AAA7BEF194}.Release|x64.Deploy.0 = Release|x64
		{5952EC08-1C89-410D-A35A-90AAA7BEF194}.Release|x86.ActiveCfg = Release|x86
		{5952EC08-1C89-410D-A35A-90AAA7BEF194}.Release|x86.Build.0 = Release|x86
		{5952EC08-1C89-410D-A35A-90AAA7BEF194}.Release|x86.Deploy.0 = Release|x86
	EndGlobalSection
	GlobalSection(SolutionProperties) = preSolution
		HideSolutionNode = FALSE
	EndGlobalSection
	GlobalSection(ExtensibilityGlobals) = postSolution
		SolutionGuid = {547D1E45-CBF9-4E84-9C8D-7CD17289A3C3}
	EndGlobalSection
EndGlobal
